
Microsoft Visual Studio Solution File, Format Version 12.00
# Visual Studio Version 16
VisualStudioVersion = 16.0.29709.97
MinimumVisualStudioVersion = 10.0.40219.1
Project("{FAE04EC0-301F-11D3-BF4B-00C04F79EFBC}") = "hotel-reservation-website", "hotel-reservation-website.csproj", "{55BA20D2-2914-4FF5-B5C4-DD50BB65A814}"
EndProject
Global
	GlobalSection(SolutionConfigurationPlatforms) = preSolution
		Debug|Any CPU = Debug|Any CPU
		Release|Any CPU = Release|Any CPU
	EndGlobalSection
	GlobalSection(ProjectConfigurationPlatforms) = postSolution
		{55BA20D2-2914-4FF5-B5C4-DD50BB65A814}.Debug|Any CPU.ActiveCfg = Debug|Any CPU
		{55BA20D2-2914-4FF5-B5C4-DD50BB65A814}.Debug|Any CPU.Build.0 = Debug|Any CPU
		{55BA20D2-2914-4FF5-B5C4-DD50BB65A814}.Release|Any CPU.ActiveCfg = Release|Any CPU
		{55BA20D2-2914-4FF5-B5C4-DD50BB65A814}.Release|Any CPU.Build.0 = Release|Any CPU
	EndGlobalSection
	GlobalSection(SolutionProperties) = preSolution
		HideSolutionNode = FALSE
	EndGlobalSection
	GlobalSection(ExtensibilityGlobals) = postSolution
		SolutionGuid = {B2848D7E-CB1E-42B7-BC96-52C4F775E49C}
	EndGlobalSection
EndGlobal
